
Microsoft Visual Studio Solution File, Format Version 12.00
# Visual Studio 15
VisualStudioVersion = 15.0.26124.0
MinimumVisualStudioVersion = 15.0.26124.0
Project("{2150E333-8FDC-42A3-9474-1A3956D46DE8}") = "src", "src", "{373F6CF4-0051-48EF-A0FB-1D2BD63CA280}"
EndProject
Project("{FAE04EC0-301F-11D3-BF4B-00C04F79EFBC}") = "core", "src\core\core.csproj", "{909DAE5D-BAFA-4962-9F57-65450A8C107B}"
EndProject
Project("{FAE04EC0-301F-11D3-BF4B-00C04F79EFBC}") = "web", "src\web\web.csproj", "{FBEA911B-BF97-4EAE-8F13-475C92DCE3A4}"
EndProject
Global
	GlobalSection(SolutionConfigurationPlatforms) = preSolution
		Debug|Any CPU = Debug|Any CPU
		Debug|x64 = Debug|x64
		Debug|x86 = Debug|x86
		Release|Any CPU = Release|Any CPU
		Release|x64 = Release|x64
		Release|x86 = Release|x86
	EndGlobalSection
	GlobalSection(SolutionProperties) = preSolution
		HideSolutionNode = FALSE
	EndGlobalSection
	GlobalSection(ProjectConfigurationPlatforms) = postSolution
		{909DAE5D-BAFA-4962-9F57-65450A8C107B}.Debug|Any CPU.ActiveCfg = Debug|Any CPU
		{909DAE5D-BAFA-4962-9F57-65450A8C107B}.Debug|Any CPU.Build.0 = Debug|Any CPU
		{909DAE5D-BAFA-4962-9F57-65450A8C107B}.Debug|x64.ActiveCfg = Debug|Any CPU
		{909DAE5D-BAFA-4962-9F57-65450A8C107B}.Debug|x64.Build.0 = Debug|Any CPU
		{909DAE5D-BAFA-4962-9F57-65450A8C107B}.Debug|x86.ActiveCfg = Debug|Any CPU
		{909DAE5D-BAFA-4962-9F57-65450A8C107B}.Debug|x86.Build.0 = Debug|Any CPU
		{909DAE5D-BAFA-4962-9F57-65450A8C107B}.Release|Any CPU.ActiveCfg = Release|Any CPU
		{909DAE5D-BAFA-4962-9F57-65450A8C107B}.Release|Any CPU.Build.0 = Release|Any CPU
		{909DAE5D-BAFA-4962-9F57-65450A8C107B}.Release|x64.ActiveCfg = Release|Any CPU
		{909DAE5D-BAFA-4962-9F57-65450A8C107B}.Release|x64.Build.0 = Release|Any CPU
		{909DAE5D-BAFA-4962-9F57-65450A8C107B}.Release|x86.ActiveCfg = Release|Any CPU
		{909DAE5D-BAFA-4962-9F57-65450A8C107B}.Release|x86.Build.0 = Release|Any CPU
		{FBEA911B-BF97-4EAE-8F13-475C92DCE3A4}.Debug|Any CPU.ActiveCfg = Debug|Any CPU
		{FBEA911B-BF97-4EAE-8F13-475C92DCE3A4}.Debug|Any CPU.Build.0 = Debug|Any CPU
		{FBEA911B-BF97-4EAE-8F13-475C92DCE3A4}.Debug|x64.ActiveCfg = Debug|Any CPU
		{FBEA911B-BF97-4EAE-8F13-475C92DCE3A4}.Debug|x64.Build.0 = Debug|Any CPU
		{FBEA911B-BF97-4EAE-8F13-475C92DCE3A4}.Debug|x86.ActiveCfg = Debug|Any CPU
		{FBEA911B-BF97-4EAE-8F13-475C92DCE3A4}.Debug|x86.Build.0 = Debug|Any CPU
		{FBEA911B-BF97-4EAE-8F13-475C92DCE3A4}.Release|Any CPU.ActiveCfg = Release|Any CPU
		{FBEA911B-BF97-4EAE-8F13-475C92DCE3A4}.Release|Any CPU.Build.0 = Release|Any CPU
		{FBEA911B-BF97-4EAE-8F13-475C92DCE3A4}.Release|x64.ActiveCfg = Release|Any CPU
		{FBEA911B-BF97-4EAE-8F13-475C92DCE3A4}.Release|x64.Build.0 = Release|Any CPU
		{FBEA911B-BF97-4EAE-8F13-475C92DCE3A4}.Release|x86.ActiveCfg = Release|Any CPU
		{FBEA911B-BF97-4EAE-8F13-475C92DCE3A4}.Release|x86.Build.0 = Release|Any CPU
	EndGlobalSection
	GlobalSection(NestedProjects) = preSolution
		{909DAE5D-BAFA-4962-9F57-65450A8C107B} = {373F6CF4-0051-48EF-A0FB-1D2BD63CA280}
		{FBEA911B-BF97-4EAE-8F13-475C92DCE3A4} = {373F6CF4-0051-48EF-A0FB-1D2BD63CA280}
	EndGlobalSection
EndGlobal
